// !$*UTF8*$!
{
	archiveVersion = 1;
	classes = {
	};
	objectVersion = 50;
	objects = {

/* Begin PBXBuildFile section */
		4D62BE0424F8921D00C8C640 /* Menu.swift in Sources */ = {isa = PBXBuildFile; fileRef = 4D62BE0324F8921D00C8C640 /* Menu.swift */; };
		4D62BE0624F8924600C8C640 /* Home.swift in Sources */ = {isa = PBXBuildFile; fileRef = 4D62BE0524F8924600C8C640 /* Home.swift */; };
		4DE4C2F72497E82200BE4D03 /* AppDelegate.swift in Sources */ = {isa = PBXBuildFile; fileRef = 4DE4C2F62497E82200BE4D03 /* AppDelegate.swift */; };
		4DE4C2F92497E82200BE4D03 /* SceneDelegate.swift in Sources */ = {isa = PBXBuildFile; fileRef = 4DE4C2F82497E82200BE4D03 /* SceneDelegate.swift */; };
		4DE4C2FB2497E82200BE4D03 /* ContentView.swift in Sources */ = {isa = PBXBuildFile; fileRef = 4DE4C2FA2497E82200BE4D03 /* ContentView.swift */; };
		4DE4C2FD2497E82600BE4D03 /* Assets.xcassets in Resources */ = {isa = PBXBuildFile; fileRef = 4DE4C2FC2497E82600BE4D03 /* Assets.xcassets */; };
		4DE4C3002497E82600BE4D03 /* Preview Assets.xcassets in Resources */ = {isa = PBXBuildFile; fileRef = 4DE4C2FF2497E82600BE4D03 /* Preview Assets.xcassets */; };
		4DE4C3032497E82600BE4D03 /* LaunchScreen.storyboard in Resources */ = {isa = PBXBuildFile; fileRef = 4DE4C3012497E82600BE4D03 /* LaunchScreen.storyboard */; };
		4DE4C30E2497E82700BE4D03 /* AgendaEscolarUITests.swift in Sources */ = {isa = PBXBuildFile; fileRef = 4DE4C30D2497E82700BE4D03 /* AgendaEscolarUITests.swift */; };
		4DE4C3192497E82700BE4D03 /* AgendaEscolarUIUITests.swift in Sources */ = {isa = PBXBuildFile; fileRef = 4DE4C3182497E82700BE4D03 /* AgendaEscolarUIUITests.swift */; };
/* End PBXBuildFile section */

/* Begin PBXContainerItemProxy section */
		4DE4C30A2497E82700BE4D03 /* PBXContainerItemProxy */ = {
			isa = PBXContainerItemProxy;
			containerPortal = 4DE4C2EB2497E82200BE4D03 /* Project object */;
			proxyType = 1;
			remoteGlobalIDString = 4DE4C2F22497E82200BE4D03;
			remoteInfo = AgendaEscolarUI;
		};
		4DE4C3152497E82700BE4D03 /* PBXContainerItemProxy */ = {
			isa = PBXContainerItemProxy;
			containerPortal = 4DE4C2EB2497E82200BE4D03 /* Project object */;
			proxyType = 1;
			remoteGlobalIDString = 4DE4C2F22497E82200BE4D03;
			remoteInfo = AgendaEscolarUI;
		};
/* End PBXContainerItemProxy section */

/* Begin PBXFileReference section */
		4D62BE0324F8921D00C8C640 /* Menu.swift */ = {isa = PBXFileReference; lastKnownFileType = sourcecode.swift; path = Menu.swift; sourceTree = "<group>"; };
		4D62BE0524F8924600C8C640 /* Home.swift */ = {isa = PBXFileReference; lastKnownFileType = sourcecode.swift; path = Home.swift; sourceTree = "<group>"; };
		4DE4C2F32497E82200BE4D03 /* AgendaEscolarUI.app */ = {isa = PBXFileReference; explicitFileType = wrapper.application; includeInIndex = 0; path = AgendaEscolarUI.app; sourceTree = BUILT_PRODUCTS_DIR; };
		4DE4C2F62497E82200BE4D03 /* AppDelegate.swift */ = {isa = PBXFileReference; lastKnownFileType = sourcecode.swift; path = AppDelegate.swift; sourceTree = "<group>"; };
		4DE4C2F82497E82200BE4D03 /* SceneDelegate.swift */ = {isa = PBXFileReference; lastKnownFileType = sourcecode.swift; path = SceneDelegate.swift; sourceTree = "<group>"; };
		4DE4C2FA2497E82200BE4D03 /* ContentView.swift */ = {isa = PBXFileReference; lastKnownFileType = sourcecode.swift; path = ContentView.swift; sourceTree = "<group>"; };
		4DE4C2FC2497E82600BE4D03 /* Assets.xcassets */ = {isa = PBXFileReference; lastKnownFileType = folder.assetcatalog; path = Assets.xcassets; sourceTree = "<group>"; };
		4DE4C2FF2497E82600BE4D03 /* Preview Assets.xcassets */ = {isa = PBXFileReference; lastKnownFileType = folder.assetcatalog; path = "Preview Assets.xcassets"; sourceTree = "<group>"; };
		4DE4C3022497E82600BE4D03 /* Base */ = {isa = PBXFileReference; lastKnownFileType = file.storyboard; name = Base; path = Base.lproj/LaunchScreen.storyboard; sourceTree = "<group>"; };
		4DE4C3042497E82600BE4D03 /* Info.plist */ = {isa = PBXFileReference; lastKnownFileType = text.plist.xml; path = Info.plist; sourceTree = "<group>"; };
		4DE4C3092497E82700BE4D03 /* AgendaEscolarUITests.xctest */ = {isa = PBXFileReference; explicitFileType = wrapper.cfbundle; includeInIndex = 0; path = AgendaEscolarUITests.xctest; sourceTree = BUILT_PRODUCTS_DIR; };
		4DE4C30D2497E82700BE4D03 /* AgendaEscolarUITests.swift */ = {isa = PBXFileReference; lastKnownFileType = sourcecode.swift; path = AgendaEscolarUITests.swift; sourceTree = "<group>"; };
		4DE4C30F2497E82700BE4D03 /* Info.plist */ = {isa = PBXFileReference; lastKnownFileType = text.plist.xml; path = Info.plist; sourceTree = "<group>"; };
		4DE4C3142497E82700BE4D03 /* AgendaEscolarUIUITests.xctest */ = {isa = PBXFileReference; explicitFileType = wrapper.cfbundle; includeInIndex = 0; path = AgendaEscolarUIUITests.xctest; sourceTree = BUILT_PRODUCTS_DIR; };
		4DE4C3182497E82700BE4D03 /* AgendaEscolarUIUITests.swift */ = {isa = PBXFileReference; lastKnownFileType = sourcecode.swift; path = AgendaEscolarUIUITests.swift; sourceTree = "<group>"; };
		4DE4C31A2497E82700BE4D03 /* Info.plist */ = {isa = PBXFileReference; lastKnownFileType = text.plist.xml; path = Info.plist; sourceTree = "<group>"; };
/* End PBXFileReference section */

/* Begin PBXFrameworksBuildPhase section */
		4DE4C2F02497E82200BE4D03 /* Frameworks */ = {
			isa = PBXFrameworksBuildPhase;
			buildActionMask = 2147483647;
			files = (
			);
			runOnlyForDeploymentPostprocessing = 0;
		};
		4DE4C3062497E82700BE4D03 /* Frameworks */ = {
			isa = PBXFrameworksBuildPhase;
			buildActionMask = 2147483647;
			files = (
			);
			runOnlyForDeploymentPostprocessing = 0;
		};
		4DE4C3112497E82700BE4D03 /* Frameworks */ = {
			isa = PBXFrameworksBuildPhase;
			buildActionMask = 2147483647;
			files = (
			);
			runOnlyForDeploymentPostprocessing = 0;
		};
/* End PBXFrameworksBuildPhase section */

/* Begin PBXGroup section */
		4DE4C2EA2497E82200BE4D03 = {
			isa = PBXGroup;
			children = (
				4DE4C2F52497E82200BE4D03 /* AgendaEscolarUI */,
				4DE4C30C2497E82700BE4D03 /* AgendaEscolarUITests */,
				4DE4C3172497E82700BE4D03 /* AgendaEscolarUIUITests */,
				4DE4C2F42497E82200BE4D03 /* Products */,
			);
			sourceTree = "<group>";
		};
		4DE4C2F42497E82200BE4D03 /* Products */ = {
			isa = PBXGroup;
			children = (
				4DE4C2F32497E82200BE4D03 /* AgendaEscolarUI.app */,
				4DE4C3092497E82700BE4D03 /* AgendaEscolarUITests.xctest */,
				4DE4C3142497E82700BE4D03 /* AgendaEscolarUIUITests.xctest */,
			);
			name = Products;
			sourceTree = "<group>";
		};
		4DE4C2F52497E82200BE4D03 /* AgendaEscolarUI */ = {
			isa = PBXGroup;
			children = (
				4DE4C2F62497E82200BE4D03 /* AppDelegate.swift */,
				4DE4C2F82497E82200BE4D03 /* SceneDelegate.swift */,
				4DE4C2FA2497E82200BE4D03 /* ContentView.swift */,
				4D62BE0324F8921D00C8C640 /* Menu.swift */,
				4D62BE0524F8924600C8C640 /* Home.swift */,
				4DE4C2FC2497E82600BE4D03 /* Assets.xcassets */,
				4DE4C3012497E82600BE4D03 /* LaunchScreen.storyboard */,
				4DE4C3042497E82600BE4D03 /* Info.plist */,
				4DE4C2FE2497E82600BE4D03 /* Preview Content */,
			);
			path = AgendaEscolarUI;
			sourceTree = "<group>";
		};
		4DE4C2FE2497E82600BE4D03 /* Preview Content */ = {
			isa = PBXGroup;
			children = (
				4DE4C2FF2497E82600BE4D03 /* Preview Assets.xcassets */,
			);
			path = "Preview Content";
			sourceTree = "<group>";
		};
		4DE4C30C2497E82700BE4D03 /* AgendaEscolarUITests */ = {
			isa = PBXGroup;
			children = (
				4DE4C30D2497E82700BE4D03 /* AgendaEscolarUITests.swift */,
				4DE4C30F2497E82700BE4D03 /* Info.plist */,
			);
			path = AgendaEscolarUITests;
			sourceTree = "<group>";
		};
		4DE4C3172497E82700BE4D03 /* AgendaEscolarUIUITests */ = {
			isa = PBXGroup;
			children = (
				4DE4C3182497E82700BE4D03 /* AgendaEscolarUIUITests.swift */,
				4DE4C31A2497E82700BE4D03 /* Info.plist */,
			);
			path = AgendaEscolarUIUITests;
			sourceTree = "<group>";
		};
/* End PBXGroup section */

/* Begin PBXNativeTarget section */
		4DE4C2F22497E82200BE4D03 /* AgendaEscolarUI */ = {
			isa = PBXNativeTarget;
			buildConfigurationList = 4DE4C31D2497E82700BE4D03 /* Build configuration list for PBXNativeTarget "AgendaEscolarUI" */;
			buildPhases = (
				4DE4C2EF2497E82200BE4D03 /* Sources */,
				4DE4C2F02497E82200BE4D03 /* Frameworks */,
				4DE4C2F12497E82200BE4D03 /* Resources */,
			);
			buildRules = (
			);
			dependencies = (
			);
			name = AgendaEscolarUI;
			productName = AgendaEscolarUI;
			productReference = 4DE4C2F32497E82200BE4D03 /* AgendaEscolarUI.app */;
			productType = "com.apple.product-type.application";
		};
		4DE4C3082497E82700BE4D03 /* AgendaEscolarUITests */ = {
			isa = PBXNativeTarget;
			buildConfigurationList = 4DE4C3202497E82700BE4D03 /* Build configuration list for PBXNativeTarget "AgendaEscolarUITests" */;
			buildPhases = (
				4DE4C3052497E82700BE4D03 /* Sources */,
				4DE4C3062497E82700BE4D03 /* Frameworks */,
				4DE4C3072497E82700BE4D03 /* Resources */,
			);
			buildRules = (
			);
			dependencies = (
				4DE4C30B2497E82700BE4D03 /* PBXTargetDependency */,
			);
			name = AgendaEscolarUITests;
			productName = AgendaEscolarUITests;
			productReference = 4DE4C3092497E82700BE4D03 /* AgendaEscolarUITests.xctest */;
			productType = "com.apple.product-type.bundle.unit-test";
		};
		4DE4C3132497E82700BE4D03 /* AgendaEscolarUIUITests */ = {
			isa = PBXNativeTarget;
			buildConfigurationList = 4DE4C3232497E82700BE4D03 /* Build configuration list for PBXNativeTarget "AgendaEscolarUIUITests" */;
			buildPhases = (
				4DE4C3102497E82700BE4D03 /* Sources */,
				4DE4C3112497E82700BE4D03 /* Frameworks */,
				4DE4C3122497E82700BE4D03 /* Resources */,
			);
			buildRules = (
			);
			dependencies = (
				4DE4C3162497E82700BE4D03 /* PBXTargetDependency */,
			);
			name = AgendaEscolarUIUITests;
			productName = AgendaEscolarUIUITests;
			productReference = 4DE4C3142497E82700BE4D03 /* AgendaEscolarUIUITests.xctest */;
			productType = "com.apple.product-type.bundle.ui-testing";
		};
/* End PBXNativeTarget section */

/* Begin PBXProject section */
		4DE4C2EB2497E82200BE4D03 /* Project object */ = {
			isa = PBXProject;
			attributes = {
				LastSwiftUpdateCheck = 1150;
				LastUpgradeCheck = 1150;
				ORGANIZATIONNAME = "maggie mendez";
				TargetAttributes = {
					4DE4C2F22497E82200BE4D03 = {
						CreatedOnToolsVersion = 11.5;
					};
					4DE4C3082497E82700BE4D03 = {
						CreatedOnToolsVersion = 11.5;
						TestTargetID = 4DE4C2F22497E82200BE4D03;
					};
					4DE4C3132497E82700BE4D03 = {
						CreatedOnToolsVersion = 11.5;
						TestTargetID = 4DE4C2F22497E82200BE4D03;
					};
				};
			};
			buildConfigurationList = 4DE4C2EE2497E82200BE4D03 /* Build configuration list for PBXProject "AgendaEscolarUI" */;
			compatibilityVersion = "Xcode 9.3";
			developmentRegion = en;
			hasScannedForEncodings = 0;
			knownRegions = (
				en,
				Base,
			);
			mainGroup = 4DE4C2EA2497E82200BE4D03;
			productRefGroup = 4DE4C2F42497E82200BE4D03 /* Products */;
			projectDirPath = "";
			projectRoot = "";
			targets = (
				4DE4C2F22497E82200BE4D03 /* AgendaEscolarUI */,
				4DE4C3082497E82700BE4D03 /* AgendaEscolarUITests */,
				4DE4C3132497E82700BE4D03 /* AgendaEscolarUIUITests */,
			);
		};
/* End PBXProject section */

/* Begin PBXResourcesBuildPhase section */
		4DE4C2F12497E82200BE4D03 /* Resources */ = {
			isa = PBXResourcesBuildPhase;
			buildActionMask = 2147483647;
			files = (
				4DE4C3032497E82600BE4D03 /* LaunchScreen.storyboard in Resources */,
				4DE4C3002497E82600BE4D03 /* Preview Assets.xcassets in Resources */,
				4DE4C2FD2497E82600BE4D03 /* Assets.xcassets in Resources */,
			);
			runOnlyForDeploymentPostprocessing = 0;
		};
		4DE4C3072497E82700BE4D03 /* Resources */ = {
			isa = PBXResourcesBuildPhase;
			buildActionMask = 2147483647;
			files = (
			);
			runOnlyForDeploymentPostprocessing = 0;
		};
		4DE4C3122497E82700BE4D03 /* Resources */ = {
			isa = PBXResourcesBuildPhase;
			buildActionMask = 2147483647;
			files = (
			);
			runOnlyForDeploymentPostprocessing = 0;
		};
/* End PBXResourcesBuildPhase section */

/* Begin PBXSourcesBuildPhase section */
		4DE4C2EF2497E82200BE4D03 /* Sources */ = {
			isa = PBXSourcesBuildPhase;
			buildActionMask = 2147483647;
			files = (
				4DE4C2F72497E82200BE4D03 /* AppDelegate.swift in Sources */,
				4DE4C2F92497E82200BE4D03 /* SceneDelegate.swift in Sources */,
				4D62BE0624F8924600C8C640 /* Home.swift in Sources */,
				4D62BE0424F8921D00C8C640 /* Menu.swift in Sources */,
				4DE4C2FB2497E82200BE4D03 /* ContentView.swift in Sources */,
			);
			runOnlyForDeploymentPostprocessing = 0;
		};
		4DE4C3052497E82700BE4D03 /* Sources */ = {
			isa = PBXSourcesBuildPhase;
			buildActionMask = 2147483647;
			files = (
				4DE4C30E2497E82700BE4D03 /* AgendaEscolarUITests.swift in Sources */,
			);
			runOnlyForDeploymentPostprocessing = 0;
		};
		4DE4C3102497E82700BE4D03 /* Sources */ = {
			isa = PBXSourcesBuildPhase;
			buildActionMask = 2147483647;
			files = (
				4DE4C3192497E82700BE4D03 /* AgendaEscolarUIUITests.swift in Sources */,
			);
			runOnlyForDeploymentPostprocessing = 0;
		};
/* End PBXSourcesBuildPhase section */

/* Begin PBXTargetDependency section */
		4DE4C30B2497E82700BE4D03 /* PBXTargetDependency */ = {
			isa = PBXTargetDependency;
			target = 4DE4C2F22497E82200BE4D03 /* AgendaEscolarUI */;
			targetProxy = 4DE4C30A2497E82700BE4D03 /* PBXContainerItemProxy */;
		};
		4DE4C3162497E82700BE4D03 /* PBXTargetDependency */ = {
			isa = PBXTargetDependency;
			target = 4DE4C2F22497E82200BE4D03 /* AgendaEscolarUI */;
			targetProxy = 4DE4C3152497E82700BE4D03 /* PBXContainerItemProxy */;
		};
/* End PBXTargetDependency section */

/* Begin PBXVariantGroup section */
		4DE4C3012497E82600BE4D03 /* LaunchScreen.storyboard */ = {
			isa = PBXVariantGroup;
			children = (
				4DE4C3022497E82600BE4D03 /* Base */,
			);
			name = LaunchScreen.storyboard;
			sourceTree = "<group>";
		};
/* End PBXVariantGroup section */

/* Begin XCBuildConfiguration section */
		4DE4C31B2497E82700BE4D03 /* Debug */ = {
			isa = XCBuildConfiguration;
			buildSettings = {
				ALWAYS_SEARCH_USER_PATHS = NO;
				CLANG_ANALYZER_NONNULL = YES;
				CLANG_ANALYZER_NUMBER_OBJECT_CONVERSION = YES_AGGRESSIVE;
				CLANG_CXX_LANGUAGE_STANDARD = "gnu++14";
				CLANG_CXX_LIBRARY = "libc++";
				CLANG_ENABLE_MODULES = YES;
				CLANG_ENABLE_OBJC_ARC = YES;
				CLANG_ENABLE_OBJC_WEAK = YES;
				CLANG_WARN_BLOCK_CAPTURE_AUTORELEASING = YES;
				CLANG_WARN_BOOL_CONVERSION = YES;
				CLANG_WARN_COMMA = YES;
				CLANG_WARN_CONSTANT_CONVERSION = YES;
				CLANG_WARN_DEPRECATED_OBJC_IMPLEMENTATIONS = YES;
				CLANG_WARN_DIRECT_OBJC_ISA_USAGE = YES_ERROR;
				CLANG_WARN_DOCUMENTATION_COMMENTS = YES;
				CLANG_WARN_EMPTY_BODY = YES;
				CLANG_WARN_ENUM_CONVERSION = YES;
				CLANG_WARN_INFINITE_RECURSION = YES;
				CLANG_WARN_INT_CONVERSION = YES;
				CLANG_WARN_NON_LITERAL_NULL_CONVERSION = YES;
				CLANG_WARN_OBJC_IMPLICIT_RETAIN_SELF = YES;
				CLANG_WARN_OBJC_LITERAL_CONVERSION = YES;
				CLANG_WARN_OBJC_ROOT_CLASS = YES_ERROR;
				CLANG_WARN_RANGE_LOOP_ANALYSIS = YES;
				CLANG_WARN_STRICT_PROTOTYPES = YES;
				CLANG_WARN_SUSPICIOUS_MOVE = YES;
				CLANG_WARN_UNGUARDED_AVAILABILITY = YES_AGGRESSIVE;
				CLANG_WARN_UNREACHABLE_CODE = YES;
				CLANG_WARN__DUPLICATE_METHOD_MATCH = YES;
				COPY_PHASE_STRIP = NO;
				DEBUG_INFORMATION_FORMAT = dwarf;
				ENABLE_STRICT_OBJC_MSGSEND = YES;
				ENABLE_TESTABILITY = YES;
				GCC_C_LANGUAGE_STANDARD = gnu11;
				GCC_DYNAMIC_NO_PIC = NO;
				GCC_NO_COMMON_BLOCKS = YES;
				GCC_OPTIMIZATION_LEVEL = 0;
				GCC_PREPROCESSOR_DEFINITIONS = (
					"DEBUG=1",
					"$(inherited)",
				);
				GCC_WARN_64_TO_32_BIT_CONVERSION = YES;
				GCC_WARN_ABOUT_RETURN_TYPE = YES_ERROR;
				GCC_WARN_UNDECLARED_SELECTOR = YES;
				GCC_WARN_UNINITIALIZED_AUTOS = YES_AGGRESSIVE;
				GCC_WARN_UNUSED_FUNCTION = YES;
				GCC_WARN_UNUSED_VARIABLE = YES;
				IPHONEOS_DEPLOYMENT_TARGET = 13.5;
				MTL_ENABLE_DEBUG_INFO = INCLUDE_SOURCE;
				MTL_FAST_MATH = YES;
				ONLY_ACTIVE_ARCH = YES;
				SDKROOT = iphoneos;
				SWIFT_ACTIVE_COMPILATION_CONDITIONS = DEBUG;
				SWIFT_OPTIMIZATION_LEVEL = "-Onone";
			};
			name = Debug;
		};
		4DE4C31C2497E82700BE4D03 /* Release */ = {
			isa = XCBuildConfiguration;
			buildSettings = {
				ALWAYS_SEARCH_USER_PATHS = NO;
				CLANG_ANALYZER_NONNULL = YES;
				CLANG_ANALYZER_NUMBER_OBJECT_CONVERSION = YES_AGGRESSIVE;
				CLANG_CXX_LANGUAGE_STANDARD = "gnu++14";
				CLANG_CXX_LIBRARY = "libc++";
				CLANG_ENABLE_MODULES = YES;
				CLANG_ENABLE_OBJC_ARC = YES;
				CLANG_ENABLE_OBJC_WEAK = YES;
				CLANG_WARN_BLOCK_CAPTURE_AUTORELEASING = YES;
				CLANG_WARN_BOOL_CONVERSION = YES;
				CLANG_WARN_COMMA = YES;
				CLANG_WARN_CONSTANT_CONVERSION = YES;
				CLANG_WARN_DEPRECATED_OBJC_IMPLEMENTATIONS = YES;
				CLANG_WARN_DIRECT_OBJC_ISA_USAGE = YES_ERROR;
				CLANG_WARN_DOCUMENTATION_COMMENTS = YES;
				CLANG_WARN_EMPTY_BODY = YES;
				CLANG_WARN_ENUM_CONVERSION = YES;
				CLANG_WARN_INFINITE_RECURSION = YES;
				CLANG_WARN_INT_CONVERSION = YES;
				CLANG_WARN_NON_LITERAL_NULL_CONVERSION = YES;
				CLANG_WARN_OBJC_IMPLICIT_RETAIN_SELF = YES;
				CLANG_WARN_OBJC_LITERAL_CONVERSION = YES;
				CLANG_WARN_OBJC_ROOT_CLASS = YES_ERROR;
				CLANG_WARN_RANGE_LOOP_ANALYSIS = YES;
				CLANG_WARN_STRICT_PROTOTYPES = YES;
				CLANG_WARN_SUSPICIOUS_MOVE = YES;
				CLANG_WARN_UNGUARDED_AVAILABILITY = YES_AGGRESSIVE;
				CLANG_WARN_UNREACHABLE_CODE = YES;
				CLANG_WARN__DUPLICATE_METHOD_MATCH = YES;
				COPY_PHASE_STRIP = NO;
				DEBUG_INFORMATION_FORMAT = "dwarf-with-dsym";
				ENABLE_NS_ASSERTIONS = NO;
				ENABLE_STRICT_OBJC_MSGSEND = YES;
				GCC_C_LANGUAGE_STANDARD = gnu11;
				GCC_NO_COMMON_BLOCKS = YES;
				GCC_WARN_64_TO_32_BIT_CONVERSION = YES;
				GCC_WARN_ABOUT_RETURN_TYPE = YES_ERROR;
				GCC_WARN_UNDECLARED_SELECTOR = YES;
				GCC_WARN_UNINITIALIZED_AUTOS = YES_AGGRESSIVE;
				GCC_WARN_UNUSED_FUNCTION = YES;
				GCC_WARN_UNUSED_VARIABLE = YES;
				IPHONEOS_DEPLOYMENT_TARGET = 13.5;
				MTL_ENABLE_DEBUG_INFO = NO;
				MTL_FAST_MATH = YES;
				SDKROOT = iphoneos;
				SWIFT_COMPILATION_MODE = wholemodule;
				SWIFT_OPTIMIZATION_LEVEL = "-O";
				VALIDATE_PRODUCT = YES;
			};
			name = Release;
		};
		4DE4C31E2497E82700BE4D03 /* Debug */ = {
			isa = XCBuildConfiguration;
			buildSettings = {
				ASSETCATALOG_COMPILER_APPICON_NAME = AppIcon;
				CODE_SIGN_STYLE = Automatic;
				DEVELOPMENT_ASSET_PATHS = "\"AgendaEscolarUI/Preview Content\"";
				ENABLE_PREVIEWS = YES;
				INFOPLIST_FILE = AgendaEscolarUI/Info.plist;
				LD_RUNPATH_SEARCH_PATHS = (
					"$(inherited)",
					"@executable_path/Frameworks",
				);
				PRODUCT_BUNDLE_IDENTIFIER = uaslp.AgendaEscolarUI;
				PRODUCT_NAME = "$(TARGET_NAME)";
				SWIFT_VERSION = 5.0;
				TARGETED_DEVICE_FAMILY = "1,2";
			};
			name = Debug;
		};
		4DE4C31F2497E82700BE4D03 /* Release */ = {
			isa = XCBuildConfiguration;
			buildSettings = {
				ASSETCATALOG_COMPILER_APPICON_NAME = AppIcon;
				CODE_SIGN_STYLE = Automatic;
				DEVELOPMENT_ASSET_PATHS = "\"AgendaEscolarUI/Preview Content\"";
				ENABLE_PREVIEWS = YES;
				INFOPLIST_FILE = AgendaEscolarUI/Info.plist;
				LD_RUNPATH_SEARCH_PATHS = (
					"$(inherited)",
					"@executable_path/Frameworks",
				);
				PRODUCT_BUNDLE_IDENTIFIER = uaslp.AgendaEscolarUI;
				PRODUCT_NAME = "$(TARGET_NAME)";
				SWIFT_VERSION = 5.0;
				TARGETED_DEVICE_FAMILY = "1,2";
			};
			name = Release;
		};
		4DE4C3212497E82700BE4D03 /* Debug */ = {
			isa = XCBuildConfiguration;
			buildSettings = {
				ALWAYS_EMBED_SWIFT_STANDARD_LIBRARIES = YES;
				BUNDLE_LOADER = "$(TEST_HOST)";
				CODE_SIGN_STYLE = Automatic;
				INFOPLIST_FILE = AgendaEscolarUITests/Info.plist;
				IPHONEOS_DEPLOYMENT_TARGET = 13.5;
				LD_RUNPATH_SEARCH_PATHS = (
					"$(inherited)",
					"@executable_path/Frameworks",
					"@loader_path/Frameworks",
				);
				PRODUCT_BUNDLE_IDENTIFIER = uaslp.AgendaEscolarUITests;
				PRODUCT_NAME = "$(TARGET_NAME)";
				SWIFT_VERSION = 5.0;
				TARGETED_DEVICE_FAMILY = "1,2";
				TEST_HOST = "$(BUILT_PRODUCTS_DIR)/AgendaEscolarUI.app/AgendaEscolarUI";
			};
			name = Debug;
		};
		4DE4C3222497E82700BE4D03 /* Release */ = {
			isa = XCBuildConfiguration;
			buildSettings = {
				ALWAYS_EMBED_SWIFT_STANDARD_LIBRARIES = YES;
				BUNDLE_LOADER = "$(TEST_HOST)";
				CODE_SIGN_STYLE = Automatic;
				INFOPLIST_FILE = AgendaEscolarUITests/Info.plist;
				IPHONEOS_DEPLOYMENT_TARGET = 13.5;
				LD_RUNPATH_SEARCH_PATHS = (
					"$(inherited)",
					"@executable_path/Frameworks",
					"@loader_path/Frameworks",
				);
				PRODUCT_BUNDLE_IDENTIFIER = uaslp.AgendaEscolarUITests;
				PRODUCT_NAME = "$(TARGET_NAME)";
				SWIFT_VERSION = 5.0;
				TARGETED_DEVICE_FAMILY = "1,2";
				TEST_HOST = "$(BUILT_PRODUCTS_DIR)/AgendaEscolarUI.app/AgendaEscolarUI";
			};
			name = Release;
		};
		4DE4C3242497E82700BE4D03 /* Debug */ = {
			isa = XCBuildConfiguration;
			buildSettings = {
				ALWAYS_EMBED_SWIFT_STANDARD_LIBRARIES = YES;
				CODE_SIGN_STYLE = Automatic;
				INFOPLIST_FILE = AgendaEscolarUIUITests/Info.plist;
				LD_RUNPATH_SEARCH_PATHS = (
					"$(inherited)",
					"@executable_path/Frameworks",
					"@loader_path/Frameworks",
				);
				PRODUCT_BUNDLE_IDENTIFIER = uaslp.AgendaEscolarUIUITests;
				PRODUCT_NAME = "$(TARGET_NAME)";
				SWIFT_VERSION = 5.0;
				TARGETED_DEVICE_FAMILY = "1,2";
				TEST_TARGET_NAME = AgendaEscolarUI;
			};
			name = Debug;
		};
		4DE4C3252497E82700BE4D03 /* Release */ = {
			isa = XCBuildConfiguration;
			buildSettings = {
				ALWAYS_EMBED_SWIFT_STANDARD_LIBRARIES = YES;
				CODE_SIGN_STYLE = Automatic;
				INFOPLIST_FILE = AgendaEscolarUIUITests/Info.plist;
				LD_RUNPATH_SEARCH_PATHS = (
					"$(inherited)",
					"@executable_path/Frameworks",
					"@loader_path/Frameworks",
				);
				PRODUCT_BUNDLE_IDENTIFIER = uaslp.AgendaEscolarUIUITests;
				PRODUCT_NAME = "$(TARGET_NAME)";
				SWIFT_VERSION = 5.0;
				TARGETED_DEVICE_FAMILY = "1,2";
				TEST_TARGET_NAME = AgendaEscolarUI;
			};
			name = Release;
		};
/* End XCBuildConfiguration section */

/* Begin XCConfigurationList section */
		4DE4C2EE2497E82200BE4D03 /* Build configuration list for PBXProject "AgendaEscolarUI" */ = {
			isa = XCConfigurationList;
			buildConfigurations = (
				4DE4C31B2497E82700BE4D03 /* Debug */,
				4DE4C31C2497E82700BE4D03 /* Release */,
			);
			defaultConfigurationIsVisible = 0;
			defaultConfigurationName = Release;
		};
		4DE4C31D2497E82700BE4D03 /* Build configuration list for PBXNativeTarget "AgendaEscolarUI" */ = {
			isa = XCConfigurationList;
			buildConfigurations = (
				4DE4C31E2497E82700BE4D03 /* Debug */,
				4DE4C31F2497E82700BE4D03 /* Release */,
			);
			defaultConfigurationIsVisible = 0;
			defaultConfigurationName = Release;
		};
		4DE4C3202497E82700BE4D03 /* Build configuration list for PBXNativeTarget "AgendaEscolarUITests" */ = {
			isa = XCConfigurationList;
			buildConfigurations = (
				4DE4C3212497E82700BE4D03 /* Debug */,
				4DE4C3222497E82700BE4D03 /* Release */,
			);
			defaultConfigurationIsVisible = 0;
			defaultConfigurationName = Release;
		};
		4DE4C3232497E82700BE4D03 /* Build configuration list for PBXNativeTarget "AgendaEscolarUIUITests" */ = {
			isa = XCConfigurationList;
			buildConfigurations = (
				4DE4C3242497E82700BE4D03 /* Debug */,
				4DE4C3252497E82700BE4D03 /* Release */,
			);
			defaultConfigurationIsVisible = 0;
			defaultConfigurationName = Release;
		};
/* End XCConfigurationList section */
	};
	rootObject = 4DE4C2EB2497E82200BE4D03 /* Project object */;
}
